
Microsoft Visual Studio Solution File, Format Version 12.00
# Visual Studio Version 17
VisualStudioVersion = 17.14.36414.22 d17.14
MinimumVisualStudioVersion = 10.0.40219.1
Project("{FAE04EC0-301F-11D3-BF4B-00C04F79EFBC}") = "Trabalho do EAD", "Trabalho do EAD\Trabalho do EAD.csproj", "{771F3D76-1474-47D0-8A74-E3422B491798}"
EndProject
Global
	GlobalSection(SolutionConfigurationPlatforms) = preSolution
		Debug|Any CPU = Debug|Any CPU
		Release|Any CPU = Release|Any CPU
	EndGlobalSection
	GlobalSection(ProjectConfigurationPlatforms) = postSolution
		{771F3D76-1474-47D0-8A74-E3422B491798}.Debug|Any CPU.ActiveCfg = Debug|Any CPU
		{771F3D76-1474-47D0-8A74-E3422B491798}.Debug|Any CPU.Build.0 = Debug|Any CPU
		{771F3D76-1474-47D0-8A74-E3422B491798}.Release|Any CPU.ActiveCfg = Release|Any CPU
		{771F3D76-1474-47D0-8A74-E3422B491798}.Release|Any CPU.Build.0 = Release|Any CPU
	EndGlobalSection
	GlobalSection(SolutionProperties) = preSolution
		HideSolutionNode = FALSE
	EndGlobalSection
	GlobalSection(ExtensibilityGlobals) = postSolution
		SolutionGuid = {3169558F-EDFE-45A6-B6A5-A5DA0CF1FF94}
	EndGlobalSection
EndGlobal
